
Microsoft Visual Studio Solution File, Format Version 12.00
# Visual Studio Version 16
VisualStudioVersion = 16.0.33328.57
MinimumVisualStudioVersion = 10.0.40219.1
Project("{FAE04EC0-301F-11D3-BF4B-00C04F79EFBC}") = "back_reserva_linq", "back_reserva_linq\back_reserva_linq.csproj", "{B39F4A54-CEA1-4FA4-86B2-09295C71F3E6}"
EndProject
Global
	GlobalSection(SolutionConfigurationPlatforms) = preSolution
		Debug|Any CPU = Debug|Any CPU
		Release|Any CPU = Release|Any CPU
	EndGlobalSection
	GlobalSection(ProjectConfigurationPlatforms) = postSolution
		{B39F4A54-CEA1-4FA4-86B2-09295C71F3E6}.Debug|Any CPU.ActiveCfg = Debug|Any CPU
		{B39F4A54-CEA1-4FA4-86B2-09295C71F3E6}.Debug|Any CPU.Build.0 = Debug|Any CPU
		{B39F4A54-CEA1-4FA4-86B2-09295C71F3E6}.Release|Any CPU.ActiveCfg = Release|Any CPU
		{B39F4A54-CEA1-4FA4-86B2-09295C71F3E6}.Release|Any CPU.Build.0 = Release|Any CPU
	EndGlobalSection
	GlobalSection(SolutionProperties) = preSolution
		HideSolutionNode = FALSE
	EndGlobalSection
	GlobalSection(ExtensibilityGlobals) = postSolution
		SolutionGuid = {0F5979E4-B655-46FB-9440-1A66382D7432}
	EndGlobalSection
EndGlobal
